
Microsoft Visual Studio Solution File, Format Version 12.00
# Visual Studio Version 16
VisualStudioVersion = 16.0.29609.76
MinimumVisualStudioVersion = 10.0.40219.1
Project("{FAE04EC0-301F-11D3-BF4B-00C04F79EFBC}") = "PromotionEngine.Lib", "PromotionEngine.Lib\PromotionEngine.Lib.csproj", "{18EAF7E2-43C7-4DDD-A793-584D3B4C3613}"
EndProject
Project("{FAE04EC0-301F-11D3-BF4B-00C04F79EFBC}") = "PromotionEngine.Test", "PromotionEngine.Test\PromotionEngine.Test.csproj", "{3779AB5E-2A82-4EBB-9EBE-C433DA94BF53}"
EndProject
Global
	GlobalSection(SolutionConfigurationPlatforms) = preSolution
		Debug|Any CPU = Debug|Any CPU
		Release|Any CPU = Release|Any CPU
	EndGlobalSection
	GlobalSection(ProjectConfigurationPlatforms) = postSolution
		{18EAF7E2-43C7-4DDD-A793-584D3B4C3613}.Debug|Any CPU.ActiveCfg = Debug|Any CPU
		{18EAF7E2-43C7-4DDD-A793-584D3B4C3613}.Debug|Any CPU.Build.0 = Debug|Any CPU
		{18EAF7E2-43C7-4DDD-A793-584D3B4C3613}.Release|Any CPU.ActiveCfg = Release|Any CPU
		{18EAF7E2-43C7-4DDD-A793-584D3B4C3613}.Release|Any CPU.Build.0 = Release|Any CPU
		{3779AB5E-2A82-4EBB-9EBE-C433DA94BF53}.Debug|Any CPU.ActiveCfg = Debug|Any CPU
		{3779AB5E-2A82-4EBB-9EBE-C433DA94BF53}.Debug|Any CPU.Build.0 = Debug|Any CPU
		{3779AB5E-2A82-4EBB-9EBE-C433DA94BF53}.Release|Any CPU.ActiveCfg = Release|Any CPU
		{3779AB5E-2A82-4EBB-9EBE-C433DA94BF53}.Release|Any CPU.Build.0 = Release|Any CPU
	EndGlobalSection
	GlobalSection(SolutionProperties) = preSolution
		HideSolutionNode = FALSE
	EndGlobalSection
	GlobalSection(ExtensibilityGlobals) = postSolution
		SolutionGuid = {8238803D-0335-4F85-A6D7-CC977E583AF8}
	EndGlobalSection
EndGlobal
