
Microsoft Visual Studio Solution File, Format Version 12.00
# Visual Studio Version 16
VisualStudioVersion = 16.0.30611.23
MinimumVisualStudioVersion = 10.0.40219.1
Project("{FAE04EC0-301F-11D3-BF4B-00C04F79EFBC}") = "PromotionEngine", "PromotionEngine\PromotionEngine.csproj", "{65D5D1A7-3CF0-4CB7-92A2-2871D7E93003}"
EndProject
Global
	GlobalSection(SolutionConfigurationPlatforms) = preSolution
		Debug|Any CPU = Debug|Any CPU
		Release|Any CPU = Release|Any CPU
	EndGlobalSection
	GlobalSection(ProjectConfigurationPlatforms) = postSolution
		{65D5D1A7-3CF0-4CB7-92A2-2871D7E93003}.Debug|Any CPU.ActiveCfg = Debug|Any CPU
		{65D5D1A7-3CF0-4CB7-92A2-2871D7E93003}.Debug|Any CPU.Build.0 = Debug|Any CPU
		{65D5D1A7-3CF0-4CB7-92A2-2871D7E93003}.Release|Any CPU.ActiveCfg = Release|Any CPU
		{65D5D1A7-3CF0-4CB7-92A2-2871D7E93003}.Release|Any CPU.Build.0 = Release|Any CPU
	EndGlobalSection
	GlobalSection(SolutionProperties) = preSolution
		HideSolutionNode = FALSE
	EndGlobalSection
	GlobalSection(ExtensibilityGlobals) = postSolution
		SolutionGuid = {4217A692-D01B-43A4-9C63-0AB82F64C42B}
	EndGlobalSection
EndGlobal
